{
  "version": "4",
  "specifiers": {
    "jsr:@std/assert@1": "1.0.8",
    "jsr:@std/cli@^1.0.6": "1.0.7",
    "jsr:@std/dotenv@~0.225.3": "0.225.3",
    "jsr:@std/encoding@^1.0.5": "1.0.5",
    "jsr:@std/fmt@^1.0.3": "1.0.3",
    "jsr:@std/html@^1.0.3": "1.0.3",
    "jsr:@std/http@^1.0.11": "1.0.11",
    "jsr:@std/internal@^1.0.5": "1.0.5",
    "jsr:@std/media-types@^1.1.0": "1.1.0",
    "jsr:@std/net@^1.0.4": "1.0.4",
    "jsr:@std/path@^1.0.8": "1.0.8",
    "jsr:@std/streams@^1.0.8": "1.0.8"
  },
  "jsr": {
    "@std/assert@1.0.8": {
      "integrity": "ebe0bd7eb488ee39686f77003992f389a06c3da1bbd8022184804852b2fa641b",
      "dependencies": [
        "jsr:@std/internal"
      ]
    },
    "@std/cli@1.0.7": {
      "integrity": "98359df9df586a69015ba570305183b0cb9e7d53c05ea2016ef9a3e77e82c7cd"
    },
    "@std/dotenv@0.225.3": {
      "integrity": "a95e5b812c27b0854c52acbae215856d9cce9d4bbf774d938c51d212711e8d4a"
    },
    "@std/encoding@1.0.5": {
      "integrity": "ecf363d4fc25bd85bd915ff6733a7e79b67e0e7806334af15f4645c569fefc04"
    },
    "@std/fmt@1.0.3": {
      "integrity": "97765c16aa32245ff4e2204ecf7d8562496a3cb8592340a80e7e554e0bb9149f"
    },
    "@std/html@1.0.3": {
      "integrity": "7a0ac35e050431fb49d44e61c8b8aac1ebd55937e0dc9ec6409aa4bab39a7988"
    },
    "@std/http@1.0.11": {
      "integrity": "f1928e69e7dcf1664e22d153934cb866bf31e1bbe4bc59f8ac1b4d0e98cb7558",
      "dependencies": [
        "jsr:@std/cli",
        "jsr:@std/encoding",
        "jsr:@std/fmt",
        "jsr:@std/html",
        "jsr:@std/media-types",
        "jsr:@std/net",
        "jsr:@std/path",
        "jsr:@std/streams"
      ]
    },
    "@std/internal@1.0.5": {
      "integrity": "54a546004f769c1ac9e025abd15a76b6671ddc9687e2313b67376125650dc7ba"
    },
    "@std/media-types@1.1.0": {
      "integrity": "c9d093f0c05c3512932b330e3cc1fe1d627b301db33a4c2c2185c02471d6eaa4"
    },
    "@std/net@1.0.4": {
      "integrity": "2f403b455ebbccf83d8a027d29c5a9e3a2452fea39bb2da7f2c04af09c8bc852"
    },
    "@std/path@1.0.8": {
      "integrity": "548fa456bb6a04d3c1a1e7477986b6cffbce95102d0bb447c67c4ee70e0364be"
    },
    "@std/streams@1.0.8": {
      "integrity": "b41332d93d2cf6a82fe4ac2153b930adf1a859392931e2a19d9fabfb6f154fb3"
    }
  },
  "npm": {
    "whatwg-fetch@3.6.20": {
      "integrity": "sha512-EqhiFU6daOA8kpjOWTL0olhVOF3i7OrFzSYiGsEMB8GcXS+RrzauAERX65xMeNWVqxA6HXH2m69Z9LaKKdisfg=="
    }
  },
  "redirects": {
    "https://deno.land/x/dotenv/load.ts": "https://deno.land/x/dotenv@v3.2.2/load.ts",
    "https://deno.land/x/sqlite/mod.ts": "https://deno.land/x/sqlite@v3.9.1/mod.ts"
  },
  "remote": {
    "https://cdn.skypack.dev/-/xregexp@v5.1.1-m5SAmG5gz9BZlCyYte0K/dist=es2019,mode=imports/optimized/xregexp.js": "a5c8c7010674f069dcb20212d0cd0de9f2b249c61100cfd9947489af86a33276",
    "https://cdn.skypack.dev/xregexp": "4c0ef77f77dde9fbea6c1644e3ae5dbc64a763e93a2a7793a5e32c1741187d0e",
    "https://deno.land/x/dotenv@v3.2.2/load.ts": "cbd76a0aee01aad8d09222afaa1dd04b84d9d3e44637503b01bf77a91df9e041",
    "https://deno.land/x/dotenv@v3.2.2/mod.ts": "077b48773de9205266a0b44c3c3a3c3083449ed64bb0b6cc461b95720678d38e",
    "https://deno.land/x/dotenv@v3.2.2/util.ts": "693730877b13f8ead2b79b2aa31e2a0652862f7dc0c5f6d2f313f4d39c7b7670",
    "https://deno.land/x/sqlite@v3.9.1/build/sqlite.js": "2afc7875c7b9c85d89730c4a311ab3a304e5d1bf761fbadd8c07bbdf130f5f9b",
    "https://deno.land/x/sqlite@v3.9.1/build/vfs.js": "7f7778a9fe499cd10738d6e43867340b50b67d3e39142b0065acd51a84cd2e03",
    "https://deno.land/x/sqlite@v3.9.1/mod.ts": "e09fc79d8065fe222578114b109b1fd60077bff1bb75448532077f784f4d6a83",
    "https://deno.land/x/sqlite@v3.9.1/src/constants.ts": "90f3be047ec0a89bcb5d6fc30db121685fc82cb00b1c476124ff47a4b0472aa9",
    "https://deno.land/x/sqlite@v3.9.1/src/db.ts": "03d0c860957496eadedd86e51a6e650670764630e64f56df0092e86c90752401",
    "https://deno.land/x/sqlite@v3.9.1/src/error.ts": "f7a15cb00d7c3797da1aefee3cf86d23e0ae92e73f0ba3165496c3816ab9503a",
    "https://deno.land/x/sqlite@v3.9.1/src/function.ts": "bc778cab7a6d771f690afa27264c524d22fcb96f1bb61959ade7922c15a4ab8d",
    "https://deno.land/x/sqlite@v3.9.1/src/query.ts": "d58abda928f6582d77bad685ecf551b1be8a15e8e38403e293ec38522e030cad",
    "https://deno.land/x/sqlite@v3.9.1/src/wasm.ts": "e79d0baa6e42423257fb3c7cc98091c54399254867e0f34a09b5bdef37bd9487"
  },
  "workspace": {
    "dependencies": [
      "jsr:@std/assert@1",
      "jsr:@std/dotenv@~0.225.3",
      "jsr:@std/http@^1.0.11"
    ]
  }
}
